
Microsoft Visual Studio Solution File, Format Version 12.00
# Visual Studio Version 16
VisualStudioVersion = 16.0.30225.117
MinimumVisualStudioVersion = 10.0.40219.1
Project("{FAE04EC0-301F-11D3-BF4B-00C04F79EFBC}") = "WindowsFormsApp134", "WindowsFormsApp134\WindowsFormsApp134.csproj", "{814FDD2D-05D7-45CB-B652-292B0E3FA6F8}"
EndProject
Global
	GlobalSection(SolutionConfigurationPlatforms) = preSolution
		Debug|Any CPU = Debug|Any CPU
		Release|Any CPU = Release|Any CPU
	EndGlobalSection
	GlobalSection(ProjectConfigurationPlatforms) = postSolution
		{814FDD2D-05D7-45CB-B652-292B0E3FA6F8}.Debug|Any CPU.ActiveCfg = Debug|Any CPU
		{814FDD2D-05D7-45CB-B652-292B0E3FA6F8}.Debug|Any CPU.Build.0 = Debug|Any CPU
		{814FDD2D-05D7-45CB-B652-292B0E3FA6F8}.Release|Any CPU.ActiveCfg = Release|Any CPU
		{814FDD2D-05D7-45CB-B652-292B0E3FA6F8}.Release|Any CPU.Build.0 = Release|Any CPU
	EndGlobalSection
	GlobalSection(SolutionProperties) = preSolution
		HideSolutionNode = FALSE
	EndGlobalSection
	GlobalSection(ExtensibilityGlobals) = postSolution
		SolutionGuid = {26979D64-C7DF-4D96-80EC-F8E3832FDAA2}
	EndGlobalSection
EndGlobal
